
Microsoft Visual Studio Solution File, Format Version 12.00
# Visual Studio 15
Project("{FAE04EC0-301F-11D3-BF4B-00C04F79EFBC}") = "Assembly-CSharp", "Assembly-CSharp.csproj", "{F9ABBC52-7919-2902-E9EB-2579985A8175}"
EndProject
Project("{FAE04EC0-301F-11D3-BF4B-00C04F79EFBC}") = "Assembly-CSharp-firstpass", "Assembly-CSharp-firstpass.csproj", "{7F5D1C23-C875-2E44-3A1F-4E997C31A5FF}"
EndProject
Project("{FAE04EC0-301F-11D3-BF4B-00C04F79EFBC}") = "Assembly-CSharp-Editor-firstpass", "Assembly-CSharp-Editor-firstpass.csproj", "{7C4F9AE5-0C4C-AA60-4EF2-8B761AAE0421}"
EndProject
Global
	GlobalSection(SolutionConfigurationPlatforms) = preSolution
		Debug|Any CPU = Debug|Any CPU
		Release|Any CPU = Release|Any CPU
	EndGlobalSection
	GlobalSection(ProjectConfigurationPlatforms) = postSolution
		{F9ABBC52-7919-2902-E9EB-2579985A8175}.Debug|Any CPU.ActiveCfg = Debug|Any CPU
		{F9ABBC52-7919-2902-E9EB-2579985A8175}.Debug|Any CPU.Build.0 = Debug|Any CPU
		{F9ABBC52-7919-2902-E9EB-2579985A8175}.Release|Any CPU.ActiveCfg = Release|Any CPU
		{F9ABBC52-7919-2902-E9EB-2579985A8175}.Release|Any CPU.Build.0 = Release|Any CPU
		{7F5D1C23-C875-2E44-3A1F-4E997C31A5FF}.Debug|Any CPU.ActiveCfg = Debug|Any CPU
		{7F5D1C23-C875-2E44-3A1F-4E997C31A5FF}.Debug|Any CPU.Build.0 = Debug|Any CPU
		{7F5D1C23-C875-2E44-3A1F-4E997C31A5FF}.Release|Any CPU.ActiveCfg = Release|Any CPU
		{7F5D1C23-C875-2E44-3A1F-4E997C31A5FF}.Release|Any CPU.Build.0 = Release|Any CPU
		{7C4F9AE5-0C4C-AA60-4EF2-8B761AAE0421}.Debug|Any CPU.ActiveCfg = Debug|Any CPU
		{7C4F9AE5-0C4C-AA60-4EF2-8B761AAE0421}.Debug|Any CPU.Build.0 = Debug|Any CPU
		{7C4F9AE5-0C4C-AA60-4EF2-8B761AAE0421}.Release|Any CPU.ActiveCfg = Release|Any CPU
		{7C4F9AE5-0C4C-AA60-4EF2-8B761AAE0421}.Release|Any CPU.Build.0 = Release|Any CPU
	EndGlobalSection
	GlobalSection(SolutionProperties) = preSolution
		HideSolutionNode = FALSE
	EndGlobalSection
EndGlobal
